
Microsoft Visual Studio Solution File, Format Version 12.00
# Visual Studio Version 17
VisualStudioVersion = 17.0.31903.59
MinimumVisualStudioVersion = 10.0.40219.1
Project("{2150E333-8FDC-42A3-9474-1A3956D46DE8}") = "src", "src", "{717C25BE-9B77-47FF-994F-E4F8714318A1}"
EndProject
Project("{FAE04EC0-301F-11D3-BF4B-00C04F79EFBC}") = "EMF.Common", "src\EMF.Common\EMF.Common.csproj", "{72E85E5F-72EE-441A-B22E-1EB77EE0A378}"
EndProject
Project("{FAE04EC0-301F-11D3-BF4B-00C04F79EFBC}") = "EMF.Inventory", "src\EMF.Inventory\EMF.Inventory.csproj", "{4800D423-9DAF-458C-943F-8ED41A1C4DFD}"
EndProject
Project("{FAE04EC0-301F-11D3-BF4B-00C04F79EFBC}") = "EMF.Console", "src\EMF.Console\EMF.Console.csproj", "{61DC7AFF-1CD5-4527-9D02-537501A3261B}"
EndProject
Project("{FAE04EC0-301F-11D3-BF4B-00C04F79EFBC}") = "EMF.Laboratory", "src\EMF.Laboratory\EMF.Laboratory.csproj", "{BF475866-FFFC-426B-8E74-630FC5B8895D}"
EndProject
Project("{2150E333-8FDC-42A3-9474-1A3956D46DE8}") = "tests", "tests", "{0971015A-F440-4573-B4BA-25888F9645E9}"
EndProject
Project("{FAE04EC0-301F-11D3-BF4B-00C04F79EFBC}") = "EMF.Tests", "tests\EMF.Tests\EMF.Tests.csproj", "{8959DC3E-0CB2-4E23-A008-D31A491CBF19}"
EndProject
Project("{FAE04EC0-301F-11D3-BF4B-00C04F79EFBC}") = "EMF.Core", "src\EMF.Core\EMF.Core.csproj", "{6657F3F9-BD3D-4D9B-849B-11F30A70374B}"
EndProject
Project("{FAE04EC0-301F-11D3-BF4B-00C04F79EFBC}") = "EMF.Discovery", "src\EMF.Discovery\EMF.Discovery.csproj", "{FD665BC8-FE1C-488F-95D2-341AF7B0F032}"
EndProject
Project("{FAE04EC0-301F-11D3-BF4B-00C04F79EFBC}") = "EMF.Orchestration", "src\EMF.Orchestration\EMF.Orchestration.csproj", "{395C7F00-207A-489E-A967-D25F87297125}"
EndProject
Project("{FAE04EC0-301F-11D3-BF4B-00C04F79EFBC}") = "EMF.Integrity", "src\EMF.Integrity\EMF.Integrity.csproj", "{F2BD0DE5-D6FE-4943-AAD5-83A2B757D977}"
EndProject
Project("{FAE04EC0-301F-11D3-BF4B-00C04F79EFBC}") = "EMF.Persistence", "src\EMF.Persistence\EMF.Persistence.csproj", "{2C34B14D-B3D1-4750-9658-28D9B38E6340}"
EndProject
Project("{FAE04EC0-301F-11D3-BF4B-00C04F79EFBC}") = "EMF.Extensions.VeteransClaims", "src\EMF.Extensions.VeteransClaims\EMF.Extensions.VeteransClaims.csproj", "{3DBB0500-31AF-4629-A136-A3F684205C4A}"
EndProject
Project("{FAE04EC0-301F-11D3-BF4B-00C04F79EFBC}") = "EMF.Extensions.VeteransClaims.Persistence.Sqlite", "src\EMF.Extensions.VeteransClaims.Persistence.Sqlite\EMF.Extensions.VeteransClaims.Persistence.Sqlite.csproj", "{66DB68A2-2E0F-4A04-BE6E-BAFE6288A83B}"
EndProject
Project("{FAE04EC0-301F-11D3-BF4B-00C04F79EFBC}") = "EMF.Extensions.VeteransClaims.Persistence", "src\EMF.Extensions.VeteransClaims.Persistence\EMF.Extensions.VeteransClaims.Persistence.csproj", "{9044DEE4-1A69-444F-A207-8E077F7B4C2F}"
EndProject
Project("{FAE04EC0-301F-11D3-BF4B-00C04F79EFBC}") = "EMF.Security", "src\EMF.Security\EMF.Security.csproj", "{6ED61ABF-0FBE-43AE-9F12-0DFBC6757C94}"
EndProject
Global
	GlobalSection(SolutionConfigurationPlatforms) = preSolution
		Debug|Any CPU = Debug|Any CPU
		Release|Any CPU = Release|Any CPU
	EndGlobalSection
	GlobalSection(SolutionProperties) = preSolution
		HideSolutionNode = FALSE
	EndGlobalSection
	GlobalSection(ProjectConfigurationPlatforms) = postSolution
		{72E85E5F-72EE-441A-B22E-1EB77EE0A378}.Debug|Any CPU.ActiveCfg = Debug|Any CPU
		{72E85E5F-72EE-441A-B22E-1EB77EE0A378}.Debug|Any CPU.Build.0 = Debug|Any CPU
		{72E85E5F-72EE-441A-B22E-1EB77EE0A378}.Release|Any CPU.ActiveCfg = Release|Any CPU
		{72E85E5F-72EE-441A-B22E-1EB77EE0A378}.Release|Any CPU.Build.0 = Release|Any CPU
		{4800D423-9DAF-458C-943F-8ED41A1C4DFD}.Debug|Any CPU.ActiveCfg = Debug|Any CPU
		{4800D423-9DAF-458C-943F-8ED41A1C4DFD}.Debug|Any CPU.Build.0 = Debug|Any CPU
		{4800D423-9DAF-458C-943F-8ED41A1C4DFD}.Release|Any CPU.ActiveCfg = Release|Any CPU
		{4800D423-9DAF-458C-943F-8ED41A1C4DFD}.Release|Any CPU.Build.0 = Release|Any CPU
		{61DC7AFF-1CD5-4527-9D02-537501A3261B}.Debug|Any CPU.ActiveCfg = Debug|Any CPU
		{61DC7AFF-1CD5-4527-9D02-537501A3261B}.Debug|Any CPU.Build.0 = Debug|Any CPU
		{61DC7AFF-1CD5-4527-9D02-537501A3261B}.Release|Any CPU.ActiveCfg = Release|Any CPU
		{61DC7AFF-1CD5-4527-9D02-537501A3261B}.Release|Any CPU.Build.0 = Release|Any CPU
		{BF475866-FFFC-426B-8E74-630FC5B8895D}.Debug|Any CPU.ActiveCfg = Debug|Any CPU
		{BF475866-FFFC-426B-8E74-630FC5B8895D}.Debug|Any CPU.Build.0 = Debug|Any CPU
		{BF475866-FFFC-426B-8E74-630FC5B8895D}.Release|Any CPU.ActiveCfg = Release|Any CPU
		{BF475866-FFFC-426B-8E74-630FC5B8895D}.Release|Any CPU.Build.0 = Release|Any CPU
		{8959DC3E-0CB2-4E23-A008-D31A491CBF19}.Debug|Any CPU.ActiveCfg = Debug|Any CPU
		{8959DC3E-0CB2-4E23-A008-D31A491CBF19}.Debug|Any CPU.Build.0 = Debug|Any CPU
		{8959DC3E-0CB2-4E23-A008-D31A491CBF19}.Release|Any CPU.ActiveCfg = Release|Any CPU
		{8959DC3E-0CB2-4E23-A008-D31A491CBF19}.Release|Any CPU.Build.0 = Release|Any CPU
		{6657F3F9-BD3D-4D9B-849B-11F30A70374B}.Debug|Any CPU.ActiveCfg = Debug|Any CPU
		{6657F3F9-BD3D-4D9B-849B-11F30A70374B}.Debug|Any CPU.Build.0 = Debug|Any CPU
		{6657F3F9-BD3D-4D9B-849B-11F30A70374B}.Release|Any CPU.ActiveCfg = Release|Any CPU
		{6657F3F9-BD3D-4D9B-849B-11F30A70374B}.Release|Any CPU.Build.0 = Release|Any CPU
		{FD665BC8-FE1C-488F-95D2-341AF7B0F032}.Debug|Any CPU.ActiveCfg = Debug|Any CPU
		{FD665BC8-FE1C-488F-95D2-341AF7B0F032}.Debug|Any CPU.Build.0 = Debug|Any CPU
		{FD665BC8-FE1C-488F-95D2-341AF7B0F032}.Release|Any CPU.ActiveCfg = Release|Any CPU
		{FD665BC8-FE1C-488F-95D2-341AF7B0F032}.Release|Any CPU.Build.0 = Release|Any CPU
		{395C7F00-207A-489E-A967-D25F87297125}.Debug|Any CPU.ActiveCfg = Debug|Any CPU
		{395C7F00-207A-489E-A967-D25F87297125}.Debug|Any CPU.Build.0 = Debug|Any CPU
		{395C7F00-207A-489E-A967-D25F87297125}.Release|Any CPU.ActiveCfg = Release|Any CPU
		{395C7F00-207A-489E-A967-D25F87297125}.Release|Any CPU.Build.0 = Release|Any CPU
		{F2BD0DE5-D6FE-4943-AAD5-83A2B757D977}.Debug|Any CPU.ActiveCfg = Debug|Any CPU
		{F2BD0DE5-D6FE-4943-AAD5-83A2B757D977}.Debug|Any CPU.Build.0 = Debug|Any CPU
		{F2BD0DE5-D6FE-4943-AAD5-83A2B757D977}.Release|Any CPU.ActiveCfg = Release|Any CPU
		{F2BD0DE5-D6FE-4943-AAD5-83A2B757D977}.Release|Any CPU.Build.0 = Release|Any CPU
		{2C34B14D-B3D1-4750-9658-28D9B38E6340}.Debug|Any CPU.ActiveCfg = Debug|Any CPU
		{2C34B14D-B3D1-4750-9658-28D9B38E6340}.Debug|Any CPU.Build.0 = Debug|Any CPU
		{2C34B14D-B3D1-4750-9658-28D9B38E6340}.Release|Any CPU.ActiveCfg = Release|Any CPU
		{2C34B14D-B3D1-4750-9658-28D9B38E6340}.Release|Any CPU.Build.0 = Release|Any CPU
		{3DBB0500-31AF-4629-A136-A3F684205C4A}.Debug|Any CPU.ActiveCfg = Debug|Any CPU
		{3DBB0500-31AF-4629-A136-A3F684205C4A}.Debug|Any CPU.Build.0 = Debug|Any CPU
		{3DBB0500-31AF-4629-A136-A3F684205C4A}.Release|Any CPU.ActiveCfg = Release|Any CPU
		{3DBB0500-31AF-4629-A136-A3F684205C4A}.Release|Any CPU.Build.0 = Release|Any CPU
		{66DB68A2-2E0F-4A04-BE6E-BAFE6288A83B}.Debug|Any CPU.ActiveCfg = Debug|Any CPU
		{66DB68A2-2E0F-4A04-BE6E-BAFE6288A83B}.Debug|Any CPU.Build.0 = Debug|Any CPU
		{66DB68A2-2E0F-4A04-BE6E-BAFE6288A83B}.Release|Any CPU.ActiveCfg = Release|Any CPU
		{66DB68A2-2E0F-4A04-BE6E-BAFE6288A83B}.Release|Any CPU.Build.0 = Release|Any CPU
		{9044DEE4-1A69-444F-A207-8E077F7B4C2F}.Debug|Any CPU.ActiveCfg = Debug|Any CPU
		{9044DEE4-1A69-444F-A207-8E077F7B4C2F}.Debug|Any CPU.Build.0 = Debug|Any CPU
		{9044DEE4-1A69-444F-A207-8E077F7B4C2F}.Release|Any CPU.ActiveCfg = Release|Any CPU
		{9044DEE4-1A69-444F-A207-8E077F7B4C2F}.Release|Any CPU.Build.0 = Release|Any CPU
		{6ED61ABF-0FBE-43AE-9F12-0DFBC6757C94}.Debug|Any CPU.ActiveCfg = Debug|Any CPU
		{6ED61ABF-0FBE-43AE-9F12-0DFBC6757C94}.Debug|Any CPU.Build.0 = Debug|Any CPU
		{6ED61ABF-0FBE-43AE-9F12-0DFBC6757C94}.Release|Any CPU.ActiveCfg = Release|Any CPU
		{6ED61ABF-0FBE-43AE-9F12-0DFBC6757C94}.Release|Any CPU.Build.0 = Release|Any CPU
	EndGlobalSection
	GlobalSection(NestedProjects) = preSolution
		{72E85E5F-72EE-441A-B22E-1EB77EE0A378} = {717C25BE-9B77-47FF-994F-E4F8714318A1}
		{4800D423-9DAF-458C-943F-8ED41A1C4DFD} = {717C25BE-9B77-47FF-994F-E4F8714318A1}
		{61DC7AFF-1CD5-4527-9D02-537501A3261B} = {717C25BE-9B77-47FF-994F-E4F8714318A1}
		{BF475866-FFFC-426B-8E74-630FC5B8895D} = {717C25BE-9B77-47FF-994F-E4F8714318A1}
		{8959DC3E-0CB2-4E23-A008-D31A491CBF19} = {0971015A-F440-4573-B4BA-25888F9645E9}
		{6657F3F9-BD3D-4D9B-849B-11F30A70374B} = {717C25BE-9B77-47FF-994F-E4F8714318A1}
		{FD665BC8-FE1C-488F-95D2-341AF7B0F032} = {717C25BE-9B77-47FF-994F-E4F8714318A1}
		{395C7F00-207A-489E-A967-D25F87297125} = {717C25BE-9B77-47FF-994F-E4F8714318A1}
		{F2BD0DE5-D6FE-4943-AAD5-83A2B757D977} = {717C25BE-9B77-47FF-994F-E4F8714318A1}
		{2C34B14D-B3D1-4750-9658-28D9B38E6340} = {717C25BE-9B77-47FF-994F-E4F8714318A1}
		{3DBB0500-31AF-4629-A136-A3F684205C4A} = {717C25BE-9B77-47FF-994F-E4F8714318A1}
		{66DB68A2-2E0F-4A04-BE6E-BAFE6288A83B} = {717C25BE-9B77-47FF-994F-E4F8714318A1}
		{9044DEE4-1A69-444F-A207-8E077F7B4C2F} = {717C25BE-9B77-47FF-994F-E4F8714318A1}
		{6ED61ABF-0FBE-43AE-9F12-0DFBC6757C94} = {717C25BE-9B77-47FF-994F-E4F8714318A1}
	EndGlobalSection
EndGlobal
